
Microsoft Visual Studio Solution File, Format Version 12.00
# Visual Studio 2013
VisualStudioVersion = 12.0.30501.0
MinimumVisualStudioVersion = 10.0.40219.1
Project("{FAE04EC0-301F-11D3-BF4B-00C04F79EFBC}") = "KinectV2", "KinectV2\KinectV2.csproj", "{DD84EF83-33E6-4F84-AB07-2E248625BC23}"
EndProject
Global
	GlobalSection(SolutionConfigurationPlatforms) = preSolution
		Debug|Any CPU = Debug|Any CPU
		Release|Any CPU = Release|Any CPU
	EndGlobalSection
	GlobalSection(ProjectConfigurationPlatforms) = postSolution
		{DD84EF83-33E6-4F84-AB07-2E248625BC23}.Debug|Any CPU.ActiveCfg = Debug|Any CPU
		{DD84EF83-33E6-4F84-AB07-2E248625BC23}.Debug|Any CPU.Build.0 = Debug|Any CPU
		{DD84EF83-33E6-4F84-AB07-2E248625BC23}.Release|Any CPU.ActiveCfg = Release|Any CPU
		{DD84EF83-33E6-4F84-AB07-2E248625BC23}.Release|Any CPU.Build.0 = Release|Any CPU
	EndGlobalSection
	GlobalSection(SolutionProperties) = preSolution
		HideSolutionNode = FALSE
	EndGlobalSection
EndGlobal
